// !$*UTF8*$!
{
	archiveVersion = 1;
	classes = {
	};
	objectVersion = 50;
	objects = {

/* Begin PBXBuildFile section */
		5261F11C2184C0F90024DADA /* SentMemesCollectionVC.swift in Sources */ = {isa = PBXBuildFile; fileRef = 5261F11B2184C0F90024DADA /* SentMemesCollectionVC.swift */; };
		5261F11E2184CA740024DADA /* Meme.swift in Sources */ = {isa = PBXBuildFile; fileRef = 5261F11D2184CA740024DADA /* Meme.swift */; };
		5261F1202184CC7B0024DADA /* MemeEditorViewController.swift in Sources */ = {isa = PBXBuildFile; fileRef = 5261F11F2184CC7B0024DADA /* MemeEditorViewController.swift */; };
		5261F1222184D2B00024DADA /* MemeDetailViewController.swift in Sources */ = {isa = PBXBuildFile; fileRef = 5261F1212184D2B00024DADA /* MemeDetailViewController.swift */; };
		52F443332182783F008B0BB2 /* AppDelegate.swift in Sources */ = {isa = PBXBuildFile; fileRef = 52F443322182783F008B0BB2 /* AppDelegate.swift */; };
		52F443352182783F008B0BB2 /* SentMemesTableVC.swift in Sources */ = {isa = PBXBuildFile; fileRef = 52F443342182783F008B0BB2 /* SentMemesTableVC.swift */; };
		52F443382182783F008B0BB2 /* Main.storyboard in Resources */ = {isa = PBXBuildFile; fileRef = 52F443362182783F008B0BB2 /* Main.storyboard */; };
		52F4433A21827840008B0BB2 /* Assets.xcassets in Resources */ = {isa = PBXBuildFile; fileRef = 52F4433921827840008B0BB2 /* Assets.xcassets */; };
		52F4433D21827840008B0BB2 /* LaunchScreen.storyboard in Resources */ = {isa = PBXBuildFile; fileRef = 52F4433B21827840008B0BB2 /* LaunchScreen.storyboard */; };
		52F4434821827840008B0BB2 /* MemeV2Tests.swift in Sources */ = {isa = PBXBuildFile; fileRef = 52F4434721827840008B0BB2 /* MemeV2Tests.swift */; };
/* End PBXBuildFile section */

/* Begin PBXContainerItemProxy section */
		52F4434421827840008B0BB2 /* PBXContainerItemProxy */ = {
			isa = PBXContainerItemProxy;
			containerPortal = 52F443272182783F008B0BB2 /* Project object */;
			proxyType = 1;
			remoteGlobalIDString = 52F4432E2182783F008B0BB2;
			remoteInfo = MemeV2;
		};
/* End PBXContainerItemProxy section */

/* Begin PBXFileReference section */
		5261F11B2184C0F90024DADA /* SentMemesCollectionVC.swift */ = {isa = PBXFileReference; lastKnownFileType = sourcecode.swift; path = SentMemesCollectionVC.swift; sourceTree = "<group>"; };
		5261F11D2184CA740024DADA /* Meme.swift */ = {isa = PBXFileReference; lastKnownFileType = sourcecode.swift; path = Meme.swift; sourceTree = "<group>"; };
		5261F11F2184CC7B0024DADA /* MemeEditorViewController.swift */ = {isa = PBXFileReference; fileEncoding = 4; lastKnownFileType = sourcecode.swift; path = MemeEditorViewController.swift; sourceTree = "<group>"; };
		5261F1212184D2B00024DADA /* MemeDetailViewController.swift */ = {isa = PBXFileReference; lastKnownFileType = sourcecode.swift; path = MemeDetailViewController.swift; sourceTree = "<group>"; };
		52F4432F2182783F008B0BB2 /* MemeV2.app */ = {isa = PBXFileReference; explicitFileType = wrapper.application; includeInIndex = 0; path = MemeV2.app; sourceTree = BUILT_PRODUCTS_DIR; };
		52F443322182783F008B0BB2 /* AppDelegate.swift */ = {isa = PBXFileReference; lastKnownFileType = sourcecode.swift; path = AppDelegate.swift; sourceTree = "<group>"; };
		52F443342182783F008B0BB2 /* SentMemesTableVC.swift */ = {isa = PBXFileReference; lastKnownFileType = sourcecode.swift; path = SentMemesTableVC.swift; sourceTree = "<group>"; };
		52F443372182783F008B0BB2 /* Base */ = {isa = PBXFileReference; lastKnownFileType = file.storyboard; name = Base; path = Base.lproj/Main.storyboard; sourceTree = "<group>"; };
		52F4433921827840008B0BB2 /* Assets.xcassets */ = {isa = PBXFileReference; lastKnownFileType = folder.assetcatalog; path = Assets.xcassets; sourceTree = "<group>"; };
		52F4433C21827840008B0BB2 /* Base */ = {isa = PBXFileReference; lastKnownFileType = file.storyboard; name = Base; path = Base.lproj/LaunchScreen.storyboard; sourceTree = "<group>"; };
		52F4433E21827840008B0BB2 /* Info.plist */ = {isa = PBXFileReference; lastKnownFileType = text.plist.xml; path = Info.plist; sourceTree = "<group>"; };
		52F4434321827840008B0BB2 /* MemeV2Tests.xctest */ = {isa = PBXFileReference; explicitFileType = wrapper.cfbundle; includeInIndex = 0; path = MemeV2Tests.xctest; sourceTree = BUILT_PRODUCTS_DIR; };
		52F4434721827840008B0BB2 /* MemeV2Tests.swift */ = {isa = PBXFileReference; lastKnownFileType = sourcecode.swift; path = MemeV2Tests.swift; sourceTree = "<group>"; };
		52F4434921827840008B0BB2 /* Info.plist */ = {isa = PBXFileReference; lastKnownFileType = text.plist.xml; path = Info.plist; sourceTree = "<group>"; };
/* End PBXFileReference section */

/* Begin PBXFrameworksBuildPhase section */
		52F4432C2182783F008B0BB2 /* Frameworks */ = {
			isa = PBXFrameworksBuildPhase;
			buildActionMask = 2147483647;
			files = (
			);
			runOnlyForDeploymentPostprocessing = 0;
		};
		52F4434021827840008B0BB2 /* Frameworks */ = {
			isa = PBXFrameworksBuildPhase;
			buildActionMask = 2147483647;
			files = (
			);
			runOnlyForDeploymentPostprocessing = 0;
		};
/* End PBXFrameworksBuildPhase section */

/* Begin PBXGroup section */
		52F443262182783F008B0BB2 = {
			isa = PBXGroup;
			children = (
				52F443312182783F008B0BB2 /* MemeV2 */,
				52F4434621827840008B0BB2 /* MemeV2Tests */,
				52F443302182783F008B0BB2 /* Products */,
			);
			sourceTree = "<group>";
		};
		52F443302182783F008B0BB2 /* Products */ = {
			isa = PBXGroup;
			children = (
				52F4432F2182783F008B0BB2 /* MemeV2.app */,
				52F4434321827840008B0BB2 /* MemeV2Tests.xctest */,
			);
			name = Products;
			sourceTree = "<group>";
		};
		52F443312182783F008B0BB2 /* MemeV2 */ = {
			isa = PBXGroup;
			children = (
				5261F11F2184CC7B0024DADA /* MemeEditorViewController.swift */,
				52F443342182783F008B0BB2 /* SentMemesTableVC.swift */,
				5261F11B2184C0F90024DADA /* SentMemesCollectionVC.swift */,
				5261F1212184D2B00024DADA /* MemeDetailViewController.swift */,
				5261F11D2184CA740024DADA /* Meme.swift */,
				52F443322182783F008B0BB2 /* AppDelegate.swift */,
				52F443362182783F008B0BB2 /* Main.storyboard */,
				52F4433921827840008B0BB2 /* Assets.xcassets */,
				52F4433B21827840008B0BB2 /* LaunchScreen.storyboard */,
				52F4433E21827840008B0BB2 /* Info.plist */,
			);
			path = MemeV2;
			sourceTree = "<group>";
		};
		52F4434621827840008B0BB2 /* MemeV2Tests */ = {
			isa = PBXGroup;
			children = (
				52F4434721827840008B0BB2 /* MemeV2Tests.swift */,
				52F4434921827840008B0BB2 /* Info.plist */,
			);
			path = MemeV2Tests;
			sourceTree = "<group>";
		};
/* End PBXGroup section */

/* Begin PBXNativeTarget section */
		52F4432E2182783F008B0BB2 /* MemeV2 */ = {
			isa = PBXNativeTarget;
			buildConfigurationList = 52F4434C21827840008B0BB2 /* Build configuration list for PBXNativeTarget "MemeV2" */;
			buildPhases = (
				52F4432B2182783F008B0BB2 /* Sources */,
				52F4432C2182783F008B0BB2 /* Frameworks */,
				52F4432D2182783F008B0BB2 /* Resources */,
			);
			buildRules = (
			);
			dependencies = (
			);
			name = MemeV2;
			productName = MemeV2;
			productReference = 52F4432F2182783F008B0BB2 /* MemeV2.app */;
			productType = "com.apple.product-type.application";
		};
		52F4434221827840008B0BB2 /* MemeV2Tests */ = {
			isa = PBXNativeTarget;
			buildConfigurationList = 52F4434F21827840008B0BB2 /* Build configuration list for PBXNativeTarget "MemeV2Tests" */;
			buildPhases = (
				52F4433F21827840008B0BB2 /* Sources */,
				52F4434021827840008B0BB2 /* Frameworks */,
				52F4434121827840008B0BB2 /* Resources */,
			);
			buildRules = (
			);
			dependencies = (
				52F4434521827840008B0BB2 /* PBXTargetDependency */,
			);
			name = MemeV2Tests;
			productName = MemeV2Tests;
			productReference = 52F4434321827840008B0BB2 /* MemeV2Tests.xctest */;
			productType = "com.apple.product-type.bundle.unit-test";
		};
/* End PBXNativeTarget section */

/* Begin PBXProject section */
		52F443272182783F008B0BB2 /* Project object */ = {
			isa = PBXProject;
			attributes = {
				LastSwiftUpdateCheck = 1000;
				LastUpgradeCheck = 1000;
				ORGANIZATIONNAME = "Sunfish Empire";
				TargetAttributes = {
					52F4432E2182783F008B0BB2 = {
						CreatedOnToolsVersion = 10.0;
					};
					52F4434221827840008B0BB2 = {
						CreatedOnToolsVersion = 10.0;
						TestTargetID = 52F4432E2182783F008B0BB2;
					};
				};
			};
			buildConfigurationList = 52F4432A2182783F008B0BB2 /* Build configuration list for PBXProject "MemeV2" */;
			compatibilityVersion = "Xcode 9.3";
			developmentRegion = en;
			hasScannedForEncodings = 0;
			knownRegions = (
				en,
				Base,
			);
			mainGroup = 52F443262182783F008B0BB2;
			productRefGroup = 52F443302182783F008B0BB2 /* Products */;
			projectDirPath = "";
			projectRoot = "";
			targets = (
				52F4432E2182783F008B0BB2 /* MemeV2 */,
				52F4434221827840008B0BB2 /* MemeV2Tests */,
			);
		};
/* End PBXProject section */

/* Begin PBXResourcesBuildPhase section */
		52F4432D2182783F008B0BB2 /* Resources */ = {
			isa = PBXResourcesBuildPhase;
			buildActionMask = 2147483647;
			files = (
				52F4433D21827840008B0BB2 /* LaunchScreen.storyboard in Resources */,
				52F4433A21827840008B0BB2 /* Assets.xcassets in Resources */,
				52F443382182783F008B0BB2 /* Main.storyboard in Resources */,
			);
			runOnlyForDeploymentPostprocessing = 0;
		};
		52F4434121827840008B0BB2 /* Resources */ = {
			isa = PBXResourcesBuildPhase;
			buildActionMask = 2147483647;
			files = (
			);
			runOnlyForDeploymentPostprocessing = 0;
		};
/* End PBXResourcesBuildPhase section */

/* Begin PBXSourcesBuildPhase section */
		52F4432B2182783F008B0BB2 /* Sources */ = {
			isa = PBXSourcesBuildPhase;
			buildActionMask = 2147483647;
			files = (
				5261F1202184CC7B0024DADA /* MemeEditorViewController.swift in Sources */,
				5261F11C2184C0F90024DADA /* SentMemesCollectionVC.swift in Sources */,
				5261F11E2184CA740024DADA /* Meme.swift in Sources */,
				5261F1222184D2B00024DADA /* MemeDetailViewController.swift in Sources */,
				52F443352182783F008B0BB2 /* SentMemesTableVC.swift in Sources */,
				52F443332182783F008B0BB2 /* AppDelegate.swift in Sources */,
			);
			runOnlyForDeploymentPostprocessing = 0;
		};
		52F4433F21827840008B0BB2 /* Sources */ = {
			isa = PBXSourcesBuildPhase;
			buildActionMask = 2147483647;
			files = (
				52F4434821827840008B0BB2 /* MemeV2Tests.swift in Sources */,
			);
			runOnlyForDeploymentPostprocessing = 0;
		};
/* End PBXSourcesBuildPhase section */

/* Begin PBXTargetDependency section */
		52F4434521827840008B0BB2 /* PBXTargetDependency */ = {
			isa = PBXTargetDependency;
			target = 52F4432E2182783F008B0BB2 /* MemeV2 */;
			targetProxy = 52F4434421827840008B0BB2 /* PBXContainerItemProxy */;
		};
/* End PBXTargetDependency section */

/* Begin PBXVariantGroup section */
		52F443362182783F008B0BB2 /* Main.storyboard */ = {
			isa = PBXVariantGroup;
			children = (
				52F443372182783F008B0BB2 /* Base */,
			);
			name = Main.storyboard;
			sourceTree = "<group>";
		};
		52F4433B21827840008B0BB2 /* LaunchScreen.storyboard */ = {
			isa = PBXVariantGroup;
			children = (
				52F4433C21827840008B0BB2 /* Base */,
			);
			name = LaunchScreen.storyboard;
			sourceTree = "<group>";
		};
/* End PBXVariantGroup section */

/* Begin XCBuildConfiguration section */
		52F4434A21827840008B0BB2 /* Debug */ = {
			isa = XCBuildConfiguration;
			buildSettings = {
				ALWAYS_SEARCH_USER_PATHS = NO;
				CLANG_ANALYZER_NONNULL = YES;
				CLANG_ANALYZER_NUMBER_OBJECT_CONVERSION = YES_AGGRESSIVE;
				CLANG_CXX_LANGUAGE_STANDARD = "gnu++14";
				CLANG_CXX_LIBRARY = "libc++";
				CLANG_ENABLE_MODULES = YES;
				CLANG_ENABLE_OBJC_ARC = YES;
				CLANG_ENABLE_OBJC_WEAK = YES;
				CLANG_WARN_BLOCK_CAPTURE_AUTORELEASING = YES;
				CLANG_WARN_BOOL_CONVERSION = YES;
				CLANG_WARN_COMMA = YES;
				CLANG_WARN_CONSTANT_CONVERSION = YES;
				CLANG_WARN_DEPRECATED_OBJC_IMPLEMENTATIONS = YES;
				CLANG_WARN_DIRECT_OBJC_ISA_USAGE = YES_ERROR;
				CLANG_WARN_DOCUMENTATION_COMMENTS = YES;
				CLANG_WARN_EMPTY_BODY = YES;
				CLANG_WARN_ENUM_CONVERSION = YES;
				CLANG_WARN_INFINITE_RECURSION = YES;
				CLANG_WARN_INT_CONVERSION = YES;
				CLANG_WARN_NON_LITERAL_NULL_CONVERSION = YES;
				CLANG_WARN_OBJC_IMPLICIT_RETAIN_SELF = YES;
				CLANG_WARN_OBJC_LITERAL_CONVERSION = YES;
				CLANG_WARN_OBJC_ROOT_CLASS = YES_ERROR;
				CLANG_WARN_RANGE_LOOP_ANALYSIS = YES;
				CLANG_WARN_STRICT_PROTOTYPES = YES;
				CLANG_WARN_SUSPICIOUS_MOVE = YES;
				CLANG_WARN_UNGUARDED_AVAILABILITY = YES_AGGRESSIVE;
				CLANG_WARN_UNREACHABLE_CODE = YES;
				CLANG_WARN__DUPLICATE_METHOD_MATCH = YES;
				CODE_SIGN_IDENTITY = "iPhone Developer";
				COPY_PHASE_STRIP = NO;
				DEBUG_INFORMATION_FORMAT = dwarf;
				ENABLE_STRICT_OBJC_MSGSEND = YES;
				ENABLE_TESTABILITY = YES;
				GCC_C_LANGUAGE_STANDARD = gnu11;
				GCC_DYNAMIC_NO_PIC = NO;
				GCC_NO_COMMON_BLOCKS = YES;
				GCC_OPTIMIZATION_LEVEL = 0;
				GCC_PREPROCESSOR_DEFINITIONS = (
					"DEBUG=1",
					"$(inherited)",
				);
				GCC_WARN_64_TO_32_BIT_CONVERSION = YES;
				GCC_WARN_ABOUT_RETURN_TYPE = YES_ERROR;
				GCC_WARN_UNDECLARED_SELECTOR = YES;
				GCC_WARN_UNINITIALIZED_AUTOS = YES_AGGRESSIVE;
				GCC_WARN_UNUSED_FUNCTION = YES;
				GCC_WARN_UNUSED_VARIABLE = YES;
				IPHONEOS_DEPLOYMENT_TARGET = 12.0;
				MTL_ENABLE_DEBUG_INFO = INCLUDE_SOURCE;
				MTL_FAST_MATH = YES;
				ONLY_ACTIVE_ARCH = YES;
				SDKROOT = iphoneos;
				SWIFT_ACTIVE_COMPILATION_CONDITIONS = DEBUG;
				SWIFT_OPTIMIZATION_LEVEL = "-Onone";
			};
			name = Debug;
		};
		52F4434B21827840008B0BB2 /* Release */ = {
			isa = XCBuildConfiguration;
			buildSettings = {
				ALWAYS_SEARCH_USER_PATHS = NO;
				CLANG_ANALYZER_NONNULL = YES;
				CLANG_ANALYZER_NUMBER_OBJECT_CONVERSION = YES_AGGRESSIVE;
				CLANG_CXX_LANGUAGE_STANDARD = "gnu++14";
				CLANG_CXX_LIBRARY = "libc++";
				CLANG_ENABLE_MODULES = YES;
				CLANG_ENABLE_OBJC_ARC = YES;
				CLANG_ENABLE_OBJC_WEAK = YES;
				CLANG_WARN_BLOCK_CAPTURE_AUTORELEASING = YES;
				CLANG_WARN_BOOL_CONVERSION = YES;
				CLANG_WARN_COMMA = YES;
				CLANG_WARN_CONSTANT_CONVERSION = YES;
				CLANG_WARN_DEPRECATED_OBJC_IMPLEMENTATIONS = YES;
				CLANG_WARN_DIRECT_OBJC_ISA_USAGE = YES_ERROR;
				CLANG_WARN_DOCUMENTATION_COMMENTS = YES;
				CLANG_WARN_EMPTY_BODY = YES;
				CLANG_WARN_ENUM_CONVERSION = YES;
				CLANG_WARN_INFINITE_RECURSION = YES;
				CLANG_WARN_INT_CONVERSION = YES;
				CLANG_WARN_NON_LITERAL_NULL_CONVERSION = YES;
				CLANG_WARN_OBJC_IMPLICIT_RETAIN_SELF = YES;
				CLANG_WARN_OBJC_LITERAL_CONVERSION = YES;
				CLANG_WARN_OBJC_ROOT_CLASS = YES_ERROR;
				CLANG_WARN_RANGE_LOOP_ANALYSIS = YES;
				CLANG_WARN_STRICT_PROTOTYPES = YES;
				CLANG_WARN_SUSPICIOUS_MOVE = YES;
				CLANG_WARN_UNGUARDED_AVAILABILITY = YES_AGGRESSIVE;
				CLANG_WARN_UNREACHABLE_CODE = YES;
				CLANG_WARN__DUPLICATE_METHOD_MATCH = YES;
				CODE_SIGN_IDENTITY = "iPhone Developer";
				COPY_PHASE_STRIP = NO;
				DEBUG_INFORMATION_FORMAT = "dwarf-with-dsym";
				ENABLE_NS_ASSERTIONS = NO;
				ENABLE_STRICT_OBJC_MSGSEND = YES;
				GCC_C_LANGUAGE_STANDARD = gnu11;
				GCC_NO_COMMON_BLOCKS = YES;
				GCC_WARN_64_TO_32_BIT_CONVERSION = YES;
				GCC_WARN_ABOUT_RETURN_TYPE = YES_ERROR;
				GCC_WARN_UNDECLARED_SELECTOR = YES;
				GCC_WARN_UNINITIALIZED_AUTOS = YES_AGGRESSIVE;
				GCC_WARN_UNUSED_FUNCTION = YES;
				GCC_WARN_UNUSED_VARIABLE = YES;
				IPHONEOS_DEPLOYMENT_TARGET = 12.0;
				MTL_ENABLE_DEBUG_INFO = NO;
				MTL_FAST_MATH = YES;
				SDKROOT = iphoneos;
				SWIFT_COMPILATION_MODE = wholemodule;
				SWIFT_OPTIMIZATION_LEVEL = "-O";
				VALIDATE_PRODUCT = YES;
			};
			name = Release;
		};
		52F4434D21827840008B0BB2 /* Debug */ = {
			isa = XCBuildConfiguration;
			buildSettings = {
				ASSETCATALOG_COMPILER_APPICON_NAME = AppIcon;
				ASSETCATALOG_COMPILER_LAUNCHIMAGE_NAME = LaunchImage;
				CODE_SIGN_STYLE = Automatic;
				DEVELOPMENT_TEAM = K97KHP3ZWG;
				INFOPLIST_FILE = MemeV2/Info.plist;
				LD_RUNPATH_SEARCH_PATHS = (
					"$(inherited)",
					"@executable_path/Frameworks",
				);
				PRODUCT_BUNDLE_IDENTIFIER = com.sunfishempire.MemeV2;
				PRODUCT_NAME = "$(TARGET_NAME)";
				SWIFT_VERSION = 4.2;
				TARGETED_DEVICE_FAMILY = "1,2";
			};
			name = Debug;
		};
		52F4434E21827840008B0BB2 /* Release */ = {
			isa = XCBuildConfiguration;
			buildSettings = {
				ASSETCATALOG_COMPILER_APPICON_NAME = AppIcon;
				ASSETCATALOG_COMPILER_LAUNCHIMAGE_NAME = LaunchImage;
				CODE_SIGN_STYLE = Automatic;
				DEVELOPMENT_TEAM = K97KHP3ZWG;
				INFOPLIST_FILE = MemeV2/Info.plist;
				LD_RUNPATH_SEARCH_PATHS = (
					"$(inherited)",
					"@executable_path/Frameworks",
				);
				PRODUCT_BUNDLE_IDENTIFIER = com.sunfishempire.MemeV2;
				PRODUCT_NAME = "$(TARGET_NAME)";
				SWIFT_VERSION = 4.2;
				TARGETED_DEVICE_FAMILY = "1,2";
			};
			name = Release;
		};
		52F4435021827840008B0BB2 /* Debug */ = {
			isa = XCBuildConfiguration;
			buildSettings = {
				ALWAYS_EMBED_SWIFT_STANDARD_LIBRARIES = YES;
				BUNDLE_LOADER = "$(TEST_HOST)";
				CODE_SIGN_STYLE = Automatic;
				DEVELOPMENT_TEAM = K97KHP3ZWG;
				INFOPLIST_FILE = MemeV2Tests/Info.plist;
				LD_RUNPATH_SEARCH_PATHS = (
					"$(inherited)",
					"@executable_path/Frameworks",
					"@loader_path/Frameworks",
				);
				PRODUCT_BUNDLE_IDENTIFIER = com.sunfishempire.MemeV2Tests;
				PRODUCT_NAME = "$(TARGET_NAME)";
				SWIFT_VERSION = 4.2;
				TARGETED_DEVICE_FAMILY = "1,2";
				TEST_HOST = "$(BUILT_PRODUCTS_DIR)/MemeV2.app/MemeV2";
			};
			name = Debug;
		};
		52F4435121827840008B0BB2 /* Release */ = {
			isa = XCBuildConfiguration;
			buildSettings = {
				ALWAYS_EMBED_SWIFT_STANDARD_LIBRARIES = YES;
				BUNDLE_LOADER = "$(TEST_HOST)";
				CODE_SIGN_STYLE = Automatic;
				DEVELOPMENT_TEAM = K97KHP3ZWG;
				INFOPLIST_FILE = MemeV2Tests/Info.plist;
				LD_RUNPATH_SEARCH_PATHS = (
					"$(inherited)",
					"@executable_path/Frameworks",
					"@loader_path/Frameworks",
				);
				PRODUCT_BUNDLE_IDENTIFIER = com.sunfishempire.MemeV2Tests;
				PRODUCT_NAME = "$(TARGET_NAME)";
				SWIFT_VERSION = 4.2;
				TARGETED_DEVICE_FAMILY = "1,2";
				TEST_HOST = "$(BUILT_PRODUCTS_DIR)/MemeV2.app/MemeV2";
			};
			name = Release;
		};
/* End XCBuildConfiguration section */

/* Begin XCConfigurationList section */
		52F4432A2182783F008B0BB2 /* Build configuration list for PBXProject "MemeV2" */ = {
			isa = XCConfigurationList;
			buildConfigurations = (
				52F4434A21827840008B0BB2 /* Debug */,
				52F4434B21827840008B0BB2 /* Release */,
			);
			defaultConfigurationIsVisible = 0;
			defaultConfigurationName = Release;
		};
		52F4434C21827840008B0BB2 /* Build configuration list for PBXNativeTarget "MemeV2" */ = {
			isa = XCConfigurationList;
			buildConfigurations = (
				52F4434D21827840008B0BB2 /* Debug */,
				52F4434E21827840008B0BB2 /* Release */,
			);
			defaultConfigurationIsVisible = 0;
			defaultConfigurationName = Release;
		};
		52F4434F21827840008B0BB2 /* Build configuration list for PBXNativeTarget "MemeV2Tests" */ = {
			isa = XCConfigurationList;
			buildConfigurations = (
				52F4435021827840008B0BB2 /* Debug */,
				52F4435121827840008B0BB2 /* Release */,
			);
			defaultConfigurationIsVisible = 0;
			defaultConfigurationName = Release;
		};
/* End XCConfigurationList section */
	};
	rootObject = 52F443272182783F008B0BB2 /* Project object */;
}
